
Microsoft Visual Studio Solution File, Format Version 12.00
# Visual Studio 14
VisualStudioVersion = 14.0.25420.1
MinimumVisualStudioVersion = 10.0.40219.1
Project("{FAE04EC0-301F-11D3-BF4B-00C04F79EFBC}") = "PSIAA.DataAccessLayer", "PSIAA.DataAccessLayer\PSIAA.DataAccessLayer.csproj", "{BAAC8485-7B28-41CF-BF20-A4D36EA970EF}"
EndProject
Project("{FAE04EC0-301F-11D3-BF4B-00C04F79EFBC}") = "PSIAA.BusinessLogicLayer", "PSIAA.BusinessLogicLayer\PSIAA.BusinessLogicLayer.csproj", "{0750EA6D-FD39-4384-8ABE-376AFACA4E6C}"
EndProject
Project("{FAE04EC0-301F-11D3-BF4B-00C04F79EFBC}") = "PSIAA.Presentation", "PSIAA.Presentation\PSIAA.Presentation.csproj", "{00373D88-41F5-4689-BC71-87046E2B7BD0}"
EndProject
Project("{FAE04EC0-301F-11D3-BF4B-00C04F79EFBC}") = "PSIAA.DataTransferObject", "PSIAA.DataTransferObject\PSIAA.DataTransferObject.csproj", "{0193F994-0D4A-40B5-9270-CCEAA058C556}"
EndProject
Project("{FAE04EC0-301F-11D3-BF4B-00C04F79EFBC}") = "PSIAA.Reports", "PSIAA.Reports\PSIAA.Reports.csproj", "{ED61CAAE-0A13-44AB-AD4E-92880AE97524}"
EndProject
Global
	GlobalSection(SolutionConfigurationPlatforms) = preSolution
		Debug|Any CPU = Debug|Any CPU
		Release|Any CPU = Release|Any CPU
	EndGlobalSection
	GlobalSection(ProjectConfigurationPlatforms) = postSolution
		{BAAC8485-7B28-41CF-BF20-A4D36EA970EF}.Debug|Any CPU.ActiveCfg = Debug|Any CPU
		{BAAC8485-7B28-41CF-BF20-A4D36EA970EF}.Debug|Any CPU.Build.0 = Debug|Any CPU
		{BAAC8485-7B28-41CF-BF20-A4D36EA970EF}.Release|Any CPU.ActiveCfg = Release|Any CPU
		{BAAC8485-7B28-41CF-BF20-A4D36EA970EF}.Release|Any CPU.Build.0 = Release|Any CPU
		{0750EA6D-FD39-4384-8ABE-376AFACA4E6C}.Debug|Any CPU.ActiveCfg = Debug|Any CPU
		{0750EA6D-FD39-4384-8ABE-376AFACA4E6C}.Debug|Any CPU.Build.0 = Debug|Any CPU
		{0750EA6D-FD39-4384-8ABE-376AFACA4E6C}.Release|Any CPU.ActiveCfg = Release|Any CPU
		{0750EA6D-FD39-4384-8ABE-376AFACA4E6C}.Release|Any CPU.Build.0 = Release|Any CPU
		{00373D88-41F5-4689-BC71-87046E2B7BD0}.Debug|Any CPU.ActiveCfg = Debug|Any CPU
		{00373D88-41F5-4689-BC71-87046E2B7BD0}.Debug|Any CPU.Build.0 = Debug|Any CPU
		{00373D88-41F5-4689-BC71-87046E2B7BD0}.Release|Any CPU.ActiveCfg = Release|Any CPU
		{00373D88-41F5-4689-BC71-87046E2B7BD0}.Release|Any CPU.Build.0 = Release|Any CPU
		{0193F994-0D4A-40B5-9270-CCEAA058C556}.Debug|Any CPU.ActiveCfg = Debug|Any CPU
		{0193F994-0D4A-40B5-9270-CCEAA058C556}.Debug|Any CPU.Build.0 = Debug|Any CPU
		{0193F994-0D4A-40B5-9270-CCEAA058C556}.Release|Any CPU.ActiveCfg = Release|Any CPU
		{0193F994-0D4A-40B5-9270-CCEAA058C556}.Release|Any CPU.Build.0 = Release|Any CPU
		{ED61CAAE-0A13-44AB-AD4E-92880AE97524}.Debug|Any CPU.ActiveCfg = Debug|Any CPU
		{ED61CAAE-0A13-44AB-AD4E-92880AE97524}.Debug|Any CPU.Build.0 = Debug|Any CPU
		{ED61CAAE-0A13-44AB-AD4E-92880AE97524}.Release|Any CPU.ActiveCfg = Release|Any CPU
		{ED61CAAE-0A13-44AB-AD4E-92880AE97524}.Release|Any CPU.Build.0 = Release|Any CPU
	EndGlobalSection
	GlobalSection(SolutionProperties) = preSolution
		HideSolutionNode = FALSE
	EndGlobalSection
EndGlobal
